// !$*UTF8*$!
{
	archiveVersion = 1;
	classes = {
	};
	objectVersion = 46;
	objects = {

/* Begin PBXBuildFile section */
		2B35C80BE7A58C73A64ACC91 /* libPods.a in Frameworks */ = {isa = PBXBuildFile; fileRef = 71F694D5BA7E31DFFACE6084 /* libPods.a */; };
		D50CF4A81BCB64140011CEB7 /* PYTabBarController.m in Sources */ = {isa = PBXBuildFile; fileRef = D50CF4A71BCB64140011CEB7 /* PYTabBarController.m */; settings = {ASSET_TAGS = (); }; };
		D50CF4AC1BCB812B0011CEB7 /* MainViewController.m in Sources */ = {isa = PBXBuildFile; fileRef = D50CF4AB1BCB812B0011CEB7 /* MainViewController.m */; settings = {ASSET_TAGS = (); }; };
		D50CF4AF1BCB82980011CEB7 /* ParseViewController.m in Sources */ = {isa = PBXBuildFile; fileRef = D50CF4AE1BCB82980011CEB7 /* ParseViewController.m */; settings = {ASSET_TAGS = (); }; };
		D50CF4BF1BCB84D10011CEB7 /* MessageViewController.m in Sources */ = {isa = PBXBuildFile; fileRef = D50CF4BE1BCB84D10011CEB7 /* MessageViewController.m */; settings = {ASSET_TAGS = (); }; };
		D50CF4C21BCB84E40011CEB7 /* DiscoverViewController.m in Sources */ = {isa = PBXBuildFile; fileRef = D50CF4C11BCB84E40011CEB7 /* DiscoverViewController.m */; settings = {ASSET_TAGS = (); }; };
		D50CF4C51BCB84F20011CEB7 /* ProfileViewController.m in Sources */ = {isa = PBXBuildFile; fileRef = D50CF4C41BCB84F20011CEB7 /* ProfileViewController.m */; settings = {ASSET_TAGS = (); }; };
		D50CF4C91BCB9A410011CEB7 /* ParseViewController.xib in Resources */ = {isa = PBXBuildFile; fileRef = D50CF4C81BCB9A410011CEB7 /* ParseViewController.xib */; settings = {ASSET_TAGS = (); }; };
		D586CF3C1BC90F0700CCC96B /* Default-568h@2x.png in Resources */ = {isa = PBXBuildFile; fileRef = D586CF3B1BC90F0700CCC96B /* Default-568h@2x.png */; settings = {ASSET_TAGS = (); }; };
		D586CF4B1BC9202600CCC96B /* PYNaviationController.m in Sources */ = {isa = PBXBuildFile; fileRef = D586CF4A1BC9202600CCC96B /* PYNaviationController.m */; settings = {ASSET_TAGS = (); }; };
		F9BB7D711BC816F800DF93D5 /* iosTests.m in Sources */ = {isa = PBXBuildFile; fileRef = F9BB7D701BC816F800DF93D5 /* iosTests.m */; };
		F9BB7D7C1BC816F800DF93D5 /* iosUITests.m in Sources */ = {isa = PBXBuildFile; fileRef = F9BB7D7B1BC816F800DF93D5 /* iosUITests.m */; };
		F9BB7D941BC8192500DF93D5 /* AppDelegate.m in Sources */ = {isa = PBXBuildFile; fileRef = F9BB7D8F1BC8192500DF93D5 /* AppDelegate.m */; settings = {ASSET_TAGS = (); }; };
		F9BB7D951BC8192500DF93D5 /* main.m in Sources */ = {isa = PBXBuildFile; fileRef = F9BB7D901BC8192500DF93D5 /* main.m */; settings = {ASSET_TAGS = (); }; };
		F9BB7D9C1BC8193700DF93D5 /* Assets.xcassets in Resources */ = {isa = PBXBuildFile; fileRef = F9BB7D981BC8193700DF93D5 /* Assets.xcassets */; settings = {ASSET_TAGS = (); }; };
		F9BB7D9D1BC8193700DF93D5 /* Info.plist in Resources */ = {isa = PBXBuildFile; fileRef = F9BB7D991BC8193700DF93D5 /* Info.plist */; settings = {ASSET_TAGS = (); }; };
		F9BB7D9E1BC8193700DF93D5 /* ios.xcdatamodeld in Sources */ = {isa = PBXBuildFile; fileRef = F9BB7D9A1BC8193700DF93D5 /* ios.xcdatamodeld */; settings = {ASSET_TAGS = (); }; };
		F9BB7DA11BC819D500DF93D5 /* LaunchScreen.storyboard in Resources */ = {isa = PBXBuildFile; fileRef = F9BB7D9F1BC819D500DF93D5 /* LaunchScreen.storyboard */; settings = {ASSET_TAGS = (); }; };
		F9BB7DA21BC819D500DF93D5 /* Main.storyboard in Resources */ = {isa = PBXBuildFile; fileRef = F9BB7DA01BC819D500DF93D5 /* Main.storyboard */; settings = {ASSET_TAGS = (); }; };
/* End PBXBuildFile section */

/* Begin PBXContainerItemProxy section */
		F9BB7D6D1BC816F800DF93D5 /* PBXContainerItemProxy */ = {
			isa = PBXContainerItemProxy;
			containerPortal = F9BB7D481BC816F800DF93D5 /* Project object */;
			proxyType = 1;
			remoteGlobalIDString = F9BB7D4F1BC816F800DF93D5;
			remoteInfo = ios;
		};
		F9BB7D781BC816F800DF93D5 /* PBXContainerItemProxy */ = {
			isa = PBXContainerItemProxy;
			containerPortal = F9BB7D481BC816F800DF93D5 /* Project object */;
			proxyType = 1;
			remoteGlobalIDString = F9BB7D4F1BC816F800DF93D5;
			remoteInfo = ios;
		};
/* End PBXContainerItemProxy section */

/* Begin PBXFileReference section */
		1C030F4ECFFCFE3D0918AA75 /* Pods.debug.xcconfig */ = {isa = PBXFileReference; includeInIndex = 1; lastKnownFileType = text.xcconfig; name = Pods.debug.xcconfig; path = "Pods/Target Support Files/Pods/Pods.debug.xcconfig"; sourceTree = "<group>"; };
		4E945E690AE4B611C71C211A /* Pods.release.xcconfig */ = {isa = PBXFileReference; includeInIndex = 1; lastKnownFileType = text.xcconfig; name = Pods.release.xcconfig; path = "Pods/Target Support Files/Pods/Pods.release.xcconfig"; sourceTree = "<group>"; };
		71F694D5BA7E31DFFACE6084 /* libPods.a */ = {isa = PBXFileReference; explicitFileType = archive.ar; includeInIndex = 0; path = libPods.a; sourceTree = BUILT_PRODUCTS_DIR; };
		D50CF4A61BCB64140011CEB7 /* PYTabBarController.h */ = {isa = PBXFileReference; fileEncoding = 4; lastKnownFileType = sourcecode.c.h; path = PYTabBarController.h; sourceTree = "<group>"; };
		D50CF4A71BCB64140011CEB7 /* PYTabBarController.m */ = {isa = PBXFileReference; fileEncoding = 4; lastKnownFileType = sourcecode.c.objc; path = PYTabBarController.m; sourceTree = "<group>"; };
		D50CF4AA1BCB812B0011CEB7 /* MainViewController.h */ = {isa = PBXFileReference; fileEncoding = 4; lastKnownFileType = sourcecode.c.h; name = MainViewController.h; path = Main/MainViewController.h; sourceTree = "<group>"; };
		D50CF4AB1BCB812B0011CEB7 /* MainViewController.m */ = {isa = PBXFileReference; fileEncoding = 4; lastKnownFileType = sourcecode.c.objc; name = MainViewController.m; path = Main/MainViewController.m; sourceTree = "<group>"; };
		D50CF4AD1BCB82980011CEB7 /* ParseViewController.h */ = {isa = PBXFileReference; fileEncoding = 4; lastKnownFileType = sourcecode.c.h; name = ParseViewController.h; path = ios/Classes/UI/Main/Parse/ParseViewController.h; sourceTree = SOURCE_ROOT; };
		D50CF4AE1BCB82980011CEB7 /* ParseViewController.m */ = {isa = PBXFileReference; fileEncoding = 4; lastKnownFileType = sourcecode.c.objc; name = ParseViewController.m; path = ios/Classes/UI/Main/Parse/ParseViewController.m; sourceTree = SOURCE_ROOT; };
		D50CF4BD1BCB84D10011CEB7 /* MessageViewController.h */ = {isa = PBXFileReference; fileEncoding = 4; lastKnownFileType = sourcecode.c.h; name = MessageViewController.h; path = Message/MessageViewController.h; sourceTree = "<group>"; };
		D50CF4BE1BCB84D10011CEB7 /* MessageViewController.m */ = {isa = PBXFileReference; fileEncoding = 4; lastKnownFileType = sourcecode.c.objc; name = MessageViewController.m; path = Message/MessageViewController.m; sourceTree = "<group>"; };
		D50CF4C01BCB84E40011CEB7 /* DiscoverViewController.h */ = {isa = PBXFileReference; fileEncoding = 4; lastKnownFileType = sourcecode.c.h; name = DiscoverViewController.h; path = Disvover/DiscoverViewController.h; sourceTree = "<group>"; };
		D50CF4C11BCB84E40011CEB7 /* DiscoverViewController.m */ = {isa = PBXFileReference; fileEncoding = 4; lastKnownFileType = sourcecode.c.objc; name = DiscoverViewController.m; path = Disvover/DiscoverViewController.m; sourceTree = "<group>"; };
		D50CF4C31BCB84F20011CEB7 /* ProfileViewController.h */ = {isa = PBXFileReference; fileEncoding = 4; lastKnownFileType = sourcecode.c.h; name = ProfileViewController.h; path = Profile/ProfileViewController.h; sourceTree = "<group>"; };
		D50CF4C41BCB84F20011CEB7 /* ProfileViewController.m */ = {isa = PBXFileReference; fileEncoding = 4; lastKnownFileType = sourcecode.c.objc; name = ProfileViewController.m; path = Profile/ProfileViewController.m; sourceTree = "<group>"; };
		D50CF4C81BCB9A410011CEB7 /* ParseViewController.xib */ = {isa = PBXFileReference; fileEncoding = 4; lastKnownFileType = file.xib; name = ParseViewController.xib; path = ios/Classes/UI/Main/Parse/ParseViewController.xib; sourceTree = SOURCE_ROOT; };
		D586CF3B1BC90F0700CCC96B /* Default-568h@2x.png */ = {isa = PBXFileReference; lastKnownFileType = image.png; name = "Default-568h@2x.png"; path = "ios/Resources/Default-568h@2x.png"; sourceTree = SOURCE_ROOT; };
		D586CF491BC9202600CCC96B /* PYNaviationController.h */ = {isa = PBXFileReference; fileEncoding = 4; lastKnownFileType = sourcecode.c.h; path = PYNaviationController.h; sourceTree = "<group>"; };
		D586CF4A1BC9202600CCC96B /* PYNaviationController.m */ = {isa = PBXFileReference; fileEncoding = 4; lastKnownFileType = sourcecode.c.objc; path = PYNaviationController.m; sourceTree = "<group>"; };
		D586CF4C1BC921B200CCC96B /* PrefixHeader.pch */ = {isa = PBXFileReference; lastKnownFileType = sourcecode.c.h; path = PrefixHeader.pch; sourceTree = "<group>"; };
		F9BB7D501BC816F800DF93D5 /* ios.app */ = {isa = PBXFileReference; explicitFileType = wrapper.application; includeInIndex = 0; path = ios.app; sourceTree = BUILT_PRODUCTS_DIR; };
		F9BB7D6C1BC816F800DF93D5 /* iosTests.xctest */ = {isa = PBXFileReference; explicitFileType = wrapper.cfbundle; includeInIndex = 0; path = iosTests.xctest; sourceTree = BUILT_PRODUCTS_DIR; };
		F9BB7D701BC816F800DF93D5 /* iosTests.m */ = {isa = PBXFileReference; lastKnownFileType = sourcecode.c.objc; path = iosTests.m; sourceTree = "<group>"; };
		F9BB7D721BC816F800DF93D5 /* Info.plist */ = {isa = PBXFileReference; lastKnownFileType = text.plist.xml; path = Info.plist; sourceTree = "<group>"; };
		F9BB7D771BC816F800DF93D5 /* iosUITests.xctest */ = {isa = PBXFileReference; explicitFileType = wrapper.cfbundle; includeInIndex = 0; path = iosUITests.xctest; sourceTree = BUILT_PRODUCTS_DIR; };
		F9BB7D7B1BC816F800DF93D5 /* iosUITests.m */ = {isa = PBXFileReference; lastKnownFileType = sourcecode.c.objc; path = iosUITests.m; sourceTree = "<group>"; };
		F9BB7D7D1BC816F800DF93D5 /* Info.plist */ = {isa = PBXFileReference; lastKnownFileType = text.plist.xml; path = Info.plist; sourceTree = "<group>"; };
		F9BB7D8E1BC8192500DF93D5 /* AppDelegate.h */ = {isa = PBXFileReference; fileEncoding = 4; lastKnownFileType = sourcecode.c.h; path = AppDelegate.h; sourceTree = "<group>"; };
		F9BB7D8F1BC8192500DF93D5 /* AppDelegate.m */ = {isa = PBXFileReference; fileEncoding = 4; lastKnownFileType = sourcecode.c.objc; path = AppDelegate.m; sourceTree = "<group>"; };
		F9BB7D901BC8192500DF93D5 /* main.m */ = {isa = PBXFileReference; fileEncoding = 4; lastKnownFileType = sourcecode.c.objc; path = main.m; sourceTree = "<group>"; };
		F9BB7D981BC8193700DF93D5 /* Assets.xcassets */ = {isa = PBXFileReference; lastKnownFileType = folder.assetcatalog; path = Assets.xcassets; sourceTree = "<group>"; };
		F9BB7D991BC8193700DF93D5 /* Info.plist */ = {isa = PBXFileReference; fileEncoding = 4; lastKnownFileType = text.plist.xml; path = Info.plist; sourceTree = "<group>"; };
		F9BB7D9B1BC8193700DF93D5 /* ios.xcdatamodel */ = {isa = PBXFileReference; lastKnownFileType = wrapper.xcdatamodel; path = ios.xcdatamodel; sourceTree = "<group>"; };
		F9BB7D9F1BC819D500DF93D5 /* LaunchScreen.storyboard */ = {isa = PBXFileReference; fileEncoding = 4; lastKnownFileType = file.storyboard; path = LaunchScreen.storyboard; sourceTree = "<group>"; };
		F9BB7DA01BC819D500DF93D5 /* Main.storyboard */ = {isa = PBXFileReference; fileEncoding = 4; lastKnownFileType = file.storyboard; path = Main.storyboard; sourceTree = "<group>"; };
/* End PBXFileReference section */

/* Begin PBXFrameworksBuildPhase section */
		F9BB7D4D1BC816F800DF93D5 /* Frameworks */ = {
			isa = PBXFrameworksBuildPhase;
			buildActionMask = 2147483647;
			files = (
				2B35C80BE7A58C73A64ACC91 /* libPods.a in Frameworks */,
			);
			runOnlyForDeploymentPostprocessing = 0;
		};
		F9BB7D691BC816F800DF93D5 /* Frameworks */ = {
			isa = PBXFrameworksBuildPhase;
			buildActionMask = 2147483647;
			files = (
			);
			runOnlyForDeploymentPostprocessing = 0;
		};
		F9BB7D741BC816F800DF93D5 /* Frameworks */ = {
			isa = PBXFrameworksBuildPhase;
			buildActionMask = 2147483647;
			files = (
			);
			runOnlyForDeploymentPostprocessing = 0;
		};
/* End PBXFrameworksBuildPhase section */

/* Begin PBXGroup section */
		BFCA0FB6CB2B23765AFD1BAD /* Pods */ = {
			isa = PBXGroup;
			children = (
				1C030F4ECFFCFE3D0918AA75 /* Pods.debug.xcconfig */,
				4E945E690AE4B611C71C211A /* Pods.release.xcconfig */,
			);
			name = Pods;
			sourceTree = "<group>";
		};
		C30206B35C4E36093A1B995C /* Frameworks */ = {
			isa = PBXGroup;
			children = (
				71F694D5BA7E31DFFACE6084 /* libPods.a */,
			);
			name = Frameworks;
			sourceTree = "<group>";
		};
		D50CF4A91BCB80D40011CEB7 /* Main */ = {
			isa = PBXGroup;
			children = (
				D50CF4AA1BCB812B0011CEB7 /* MainViewController.h */,
				D50CF4AB1BCB812B0011CEB7 /* MainViewController.m */,
				D586CF451BC91B0300CCC96B /* Parse */,
			);
			name = Main;
			sourceTree = "<group>";
		};
		D50CF4B01BCB82BF0011CEB7 /* Message */ = {
			isa = PBXGroup;
			children = (
				D50CF4BD1BCB84D10011CEB7 /* MessageViewController.h */,
				D50CF4BE1BCB84D10011CEB7 /* MessageViewController.m */,
			);
			name = Message;
			sourceTree = "<group>";
		};
		D50CF4B11BCB82D30011CEB7 /* Discover */ = {
			isa = PBXGroup;
			children = (
				D50CF4C01BCB84E40011CEB7 /* DiscoverViewController.h */,
				D50CF4C11BCB84E40011CEB7 /* DiscoverViewController.m */,
			);
			name = Discover;
			sourceTree = "<group>";
		};
		D50CF4B21BCB83010011CEB7 /* Profile */ = {
			isa = PBXGroup;
			children = (
				D50CF4C31BCB84F20011CEB7 /* ProfileViewController.h */,
				D50CF4C41BCB84F20011CEB7 /* ProfileViewController.m */,
			);
			name = Profile;
			sourceTree = "<group>";
		};
		D586CF3D1BC90F6700CCC96B /* Externals */ = {
			isa = PBXGroup;
			children = (
			);
			path = Externals;
			sourceTree = "<group>";
		};
		D586CF451BC91B0300CCC96B /* Parse */ = {
			isa = PBXGroup;
			children = (
				D50CF4AD1BCB82980011CEB7 /* ParseViewController.h */,
				D50CF4AE1BCB82980011CEB7 /* ParseViewController.m */,
				D50CF4C81BCB9A410011CEB7 /* ParseViewController.xib */,
			);
			path = Parse;
			sourceTree = "<group>";
		};
		F9BB7D471BC816F800DF93D5 = {
			isa = PBXGroup;
			children = (
				F9BB7D521BC816F800DF93D5 /* ios */,
				F9BB7D6F1BC816F800DF93D5 /* iosTests */,
				F9BB7D7A1BC816F800DF93D5 /* iosUITests */,
				F9BB7D511BC816F800DF93D5 /* Products */,
				BFCA0FB6CB2B23765AFD1BAD /* Pods */,
				C30206B35C4E36093A1B995C /* Frameworks */,
			);
			sourceTree = "<group>";
		};
		F9BB7D511BC816F800DF93D5 /* Products */ = {
			isa = PBXGroup;
			children = (
				F9BB7D501BC816F800DF93D5 /* ios.app */,
				F9BB7D6C1BC816F800DF93D5 /* iosTests.xctest */,
				F9BB7D771BC816F800DF93D5 /* iosUITests.xctest */,
			);
			name = Products;
			sourceTree = "<group>";
		};
		F9BB7D521BC816F800DF93D5 /* ios */ = {
			isa = PBXGroup;
			children = (
				D586CF3D1BC90F6700CCC96B /* Externals */,
				F9BB7DA51BC81A4900DF93D5 /* Resources */,
				F9BB7D971BC8193700DF93D5 /* Configs */,
				F9BB7D8C1BC8192500DF93D5 /* Classes */,
			);
			path = ios;
			sourceTree = "<group>";
		};
		F9BB7D6F1BC816F800DF93D5 /* iosTests */ = {
			isa = PBXGroup;
			children = (
				F9BB7D701BC816F800DF93D5 /* iosTests.m */,
				F9BB7D721BC816F800DF93D5 /* Info.plist */,
			);
			path = iosTests;
			sourceTree = "<group>";
		};
		F9BB7D7A1BC816F800DF93D5 /* iosUITests */ = {
			isa = PBXGroup;
			children = (
				F9BB7D7B1BC816F800DF93D5 /* iosUITests.m */,
				F9BB7D7D1BC816F800DF93D5 /* Info.plist */,
			);
			path = iosUITests;
			sourceTree = "<group>";
		};
		F9BB7D8C1BC8192500DF93D5 /* Classes */ = {
			isa = PBXGroup;
			children = (
				F9BB7D8D1BC8192500DF93D5 /* Global */,
				F9BB7D911BC8192500DF93D5 /* UI */,
			);
			path = Classes;
			sourceTree = "<group>";
		};
		F9BB7D8D1BC8192500DF93D5 /* Global */ = {
			isa = PBXGroup;
			children = (
				F9BB7D8E1BC8192500DF93D5 /* AppDelegate.h */,
				F9BB7D8F1BC8192500DF93D5 /* AppDelegate.m */,
				F9BB7D901BC8192500DF93D5 /* main.m */,
				D586CF4C1BC921B200CCC96B /* PrefixHeader.pch */,
			);
			path = Global;
			sourceTree = "<group>";
		};
		F9BB7D911BC8192500DF93D5 /* UI */ = {
			isa = PBXGroup;
			children = (
				D50CF4A91BCB80D40011CEB7 /* Main */,
				D50CF4B01BCB82BF0011CEB7 /* Message */,
				D50CF4B11BCB82D30011CEB7 /* Discover */,
				D50CF4B21BCB83010011CEB7 /* Profile */,
				F9BB7D9F1BC819D500DF93D5 /* LaunchScreen.storyboard */,
				F9BB7DA01BC819D500DF93D5 /* Main.storyboard */,
				D586CF491BC9202600CCC96B /* PYNaviationController.h */,
				D586CF4A1BC9202600CCC96B /* PYNaviationController.m */,
				D50CF4A61BCB64140011CEB7 /* PYTabBarController.h */,
				D50CF4A71BCB64140011CEB7 /* PYTabBarController.m */,
			);
			path = UI;
			sourceTree = "<group>";
		};
		F9BB7D971BC8193700DF93D5 /* Configs */ = {
			isa = PBXGroup;
			children = (
				F9BB7D981BC8193700DF93D5 /* Assets.xcassets */,
				F9BB7D991BC8193700DF93D5 /* Info.plist */,
				F9BB7D9A1BC8193700DF93D5 /* ios.xcdatamodeld */,
			);
			path = Configs;
			sourceTree = "<group>";
		};
		F9BB7DA51BC81A4900DF93D5 /* Resources */ = {
			isa = PBXGroup;
			children = (
				D586CF3B1BC90F0700CCC96B /* Default-568h@2x.png */,
			);
			name = Resources;
			path = ../Resources;
			sourceTree = "<group>";
		};
/* End PBXGroup section */

/* Begin PBXNativeTarget section */
		F9BB7D4F1BC816F800DF93D5 /* ios */ = {
			isa = PBXNativeTarget;
			buildConfigurationList = F9BB7D801BC816F800DF93D5 /* Build configuration list for PBXNativeTarget "ios" */;
			buildPhases = (
				F4AC83F3AD71F730F9364F42 /* Check Pods Manifest.lock */,
				F9BB7D4C1BC816F800DF93D5 /* Sources */,
				F9BB7D4D1BC816F800DF93D5 /* Frameworks */,
				F9BB7D4E1BC816F800DF93D5 /* Resources */,
				349504B0032FA72C79A5F495 /* Embed Pods Frameworks */,
				38295886971E007A399C8AAE /* Copy Pods Resources */,
			);
			buildRules = (
			);
			dependencies = (
			);
			name = ios;
			productName = ios;
			productReference = F9BB7D501BC816F800DF93D5 /* ios.app */;
			productType = "com.apple.product-type.application";
		};
		F9BB7D6B1BC816F800DF93D5 /* iosTests */ = {
			isa = PBXNativeTarget;
			buildConfigurationList = F9BB7D831BC816F800DF93D5 /* Build configuration list for PBXNativeTarget "iosTests" */;
			buildPhases = (
				F9BB7D681BC816F800DF93D5 /* Sources */,
				F9BB7D691BC816F800DF93D5 /* Frameworks */,
				F9BB7D6A1BC816F800DF93D5 /* Resources */,
			);
			buildRules = (
			);
			dependencies = (
				F9BB7D6E1BC816F800DF93D5 /* PBXTargetDependency */,
			);
			name = iosTests;
			productName = iosTests;
			productReference = F9BB7D6C1BC816F800DF93D5 /* iosTests.xctest */;
			productType = "com.apple.product-type.bundle.unit-test";
		};
		F9BB7D761BC816F800DF93D5 /* iosUITests */ = {
			isa = PBXNativeTarget;
			buildConfigurationList = F9BB7D861BC816F800DF93D5 /* Build configuration list for PBXNativeTarget "iosUITests" */;
			buildPhases = (
				F9BB7D731BC816F800DF93D5 /* Sources */,
				F9BB7D741BC816F800DF93D5 /* Frameworks */,
				F9BB7D751BC816F800DF93D5 /* Resources */,
			);
			buildRules = (
			);
			dependencies = (
				F9BB7D791BC816F800DF93D5 /* PBXTargetDependency */,
			);
			name = iosUITests;
			productName = iosUITests;
			productReference = F9BB7D771BC816F800DF93D5 /* iosUITests.xctest */;
			productType = "com.apple.product-type.bundle.ui-testing";
		};
/* End PBXNativeTarget section */

/* Begin PBXProject section */
		F9BB7D481BC816F800DF93D5 /* Project object */ = {
			isa = PBXProject;
			attributes = {
				LastUpgradeCheck = 0700;
				ORGANIZATIONNAME = penneryu;
				TargetAttributes = {
					F9BB7D4F1BC816F800DF93D5 = {
						CreatedOnToolsVersion = 7.0.1;
					};
					F9BB7D6B1BC816F800DF93D5 = {
						CreatedOnToolsVersion = 7.0.1;
						TestTargetID = F9BB7D4F1BC816F800DF93D5;
					};
					F9BB7D761BC816F800DF93D5 = {
						CreatedOnToolsVersion = 7.0.1;
						TestTargetID = F9BB7D4F1BC816F800DF93D5;
					};
				};
			};
			buildConfigurationList = F9BB7D4B1BC816F800DF93D5 /* Build configuration list for PBXProject "ios" */;
			compatibilityVersion = "Xcode 3.2";
			developmentRegion = English;
			hasScannedForEncodings = 0;
			knownRegions = (
				en,
				Base,
			);
			mainGroup = F9BB7D471BC816F800DF93D5;
			productRefGroup = F9BB7D511BC816F800DF93D5 /* Products */;
			projectDirPath = "";
			projectRoot = "";
			targets = (
				F9BB7D4F1BC816F800DF93D5 /* ios */,
				F9BB7D6B1BC816F800DF93D5 /* iosTests */,
				F9BB7D761BC816F800DF93D5 /* iosUITests */,
			);
		};
/* End PBXProject section */

/* Begin PBXResourcesBuildPhase section */
		F9BB7D4E1BC816F800DF93D5 /* Resources */ = {
			isa = PBXResourcesBuildPhase;
			buildActionMask = 2147483647;
			files = (
				D50CF4C91BCB9A410011CEB7 /* ParseViewController.xib in Resources */,
				F9BB7DA11BC819D500DF93D5 /* LaunchScreen.storyboard in Resources */,
				F9BB7D9D1BC8193700DF93D5 /* Info.plist in Resources */,
				F9BB7D9C1BC8193700DF93D5 /* Assets.xcassets in Resources */,
				D586CF3C1BC90F0700CCC96B /* Default-568h@2x.png in Resources */,
				F9BB7DA21BC819D500DF93D5 /* Main.storyboard in Resources */,
			);
			runOnlyForDeploymentPostprocessing = 0;
		};
		F9BB7D6A1BC816F800DF93D5 /* Resources */ = {
			isa = PBXResourcesBuildPhase;
			buildActionMask = 2147483647;
			files = (
			);
			runOnlyForDeploymentPostprocessing = 0;
		};
		F9BB7D751BC816F800DF93D5 /* Resources */ = {
			isa = PBXResourcesBuildPhase;
			buildActionMask = 2147483647;
			files = (
			);
			runOnlyForDeploymentPostprocessing = 0;
		};
/* End PBXResourcesBuildPhase section */

/* Begin PBXShellScriptBuildPhase section */
		349504B0032FA72C79A5F495 /* Embed Pods Frameworks */ = {
			isa = PBXShellScriptBuildPhase;
			buildActionMask = 2147483647;
			files = (
			);
			inputPaths = (
			);
			name = "Embed Pods Frameworks";
			outputPaths = (
			);
			runOnlyForDeploymentPostprocessing = 0;
			shellPath = /bin/sh;
			shellScript = "\"${SRCROOT}/Pods/Target Support Files/Pods/Pods-frameworks.sh\"\n";
			showEnvVarsInLog = 0;
		};
		38295886971E007A399C8AAE /* Copy Pods Resources */ = {
			isa = PBXShellScriptBuildPhase;
			buildActionMask = 2147483647;
			files = (
			);
			inputPaths = (
			);
			name = "Copy Pods Resources";
			outputPaths = (
			);
			runOnlyForDeploymentPostprocessing = 0;
			shellPath = /bin/sh;
			shellScript = "\"${SRCROOT}/Pods/Target Support Files/Pods/Pods-resources.sh\"\n";
			showEnvVarsInLog = 0;
		};
		F4AC83F3AD71F730F9364F42 /* Check Pods Manifest.lock */ = {
			isa = PBXShellScriptBuildPhase;
			buildActionMask = 2147483647;
			files = (
			);
			inputPaths = (
			);
			name = "Check Pods Manifest.lock";
			outputPaths = (
			);
			runOnlyForDeploymentPostprocessing = 0;
			shellPath = /bin/sh;
			shellScript = "diff \"${PODS_ROOT}/../Podfile.lock\" \"${PODS_ROOT}/Manifest.lock\" > /dev/null\nif [[ $? != 0 ]] ; then\n    cat << EOM\nerror: The sandbox is not in sync with the Podfile.lock. Run 'pod install' or update your CocoaPods installation.\nEOM\n    exit 1\nfi\n";
			showEnvVarsInLog = 0;
		};
/* End PBXShellScriptBuildPhase section */

/* Begin PBXSourcesBuildPhase section */
		F9BB7D4C1BC816F800DF93D5 /* Sources */ = {
			isa = PBXSourcesBuildPhase;
			buildActionMask = 2147483647;
			files = (
				D586CF4B1BC9202600CCC96B /* PYNaviationController.m in Sources */,
				D50CF4A81BCB64140011CEB7 /* PYTabBarController.m in Sources */,
				F9BB7D951BC8192500DF93D5 /* main.m in Sources */,
				D50CF4AC1BCB812B0011CEB7 /* MainViewController.m in Sources */,
				D50CF4C51BCB84F20011CEB7 /* ProfileViewController.m in Sources */,
				D50CF4C21BCB84E40011CEB7 /* DiscoverViewController.m in Sources */,
				D50CF4BF1BCB84D10011CEB7 /* MessageViewController.m in Sources */,
				D50CF4AF1BCB82980011CEB7 /* ParseViewController.m in Sources */,
				F9BB7D9E1BC8193700DF93D5 /* ios.xcdatamodeld in Sources */,
				F9BB7D941BC8192500DF93D5 /* AppDelegate.m in Sources */,
			);
			runOnlyForDeploymentPostprocessing = 0;
		};
		F9BB7D681BC816F800DF93D5 /* Sources */ = {
			isa = PBXSourcesBuildPhase;
			buildActionMask = 2147483647;
			files = (
				F9BB7D711BC816F800DF93D5 /* iosTests.m in Sources */,
			);
			runOnlyForDeploymentPostprocessing = 0;
		};
		F9BB7D731BC816F800DF93D5 /* Sources */ = {
			isa = PBXSourcesBuildPhase;
			buildActionMask = 2147483647;
			files = (
				F9BB7D7C1BC816F800DF93D5 /* iosUITests.m in Sources */,
			);
			runOnlyForDeploymentPostprocessing = 0;
		};
/* End PBXSourcesBuildPhase section */

/* Begin PBXTargetDependency section */
		F9BB7D6E1BC816F800DF93D5 /* PBXTargetDependency */ = {
			isa = PBXTargetDependency;
			target = F9BB7D4F1BC816F800DF93D5 /* ios */;
			targetProxy = F9BB7D6D1BC816F800DF93D5 /* PBXContainerItemProxy */;
		};
		F9BB7D791BC816F800DF93D5 /* PBXTargetDependency */ = {
			isa = PBXTargetDependency;
			target = F9BB7D4F1BC816F800DF93D5 /* ios */;
			targetProxy = F9BB7D781BC816F800DF93D5 /* PBXContainerItemProxy */;
		};
/* End PBXTargetDependency section */

/* Begin XCBuildConfiguration section */
		F9BB7D7E1BC816F800DF93D5 /* Debug */ = {
			isa = XCBuildConfiguration;
			buildSettings = {
				ALWAYS_SEARCH_USER_PATHS = NO;
				CLANG_CXX_LANGUAGE_STANDARD = "gnu++0x";
				CLANG_CXX_LIBRARY = "libc++";
				CLANG_ENABLE_MODULES = YES;
				CLANG_ENABLE_OBJC_ARC = YES;
				CLANG_WARN_BOOL_CONVERSION = YES;
				CLANG_WARN_CONSTANT_CONVERSION = YES;
				CLANG_WARN_DIRECT_OBJC_ISA_USAGE = YES_ERROR;
				CLANG_WARN_EMPTY_BODY = YES;
				CLANG_WARN_ENUM_CONVERSION = YES;
				CLANG_WARN_INT_CONVERSION = YES;
				CLANG_WARN_OBJC_ROOT_CLASS = YES_ERROR;
				CLANG_WARN_UNREACHABLE_CODE = YES;
				CLANG_WARN__DUPLICATE_METHOD_MATCH = YES;
				"CODE_SIGN_IDENTITY[sdk=iphoneos*]" = "iPhone Developer";
				COPY_PHASE_STRIP = NO;
				DEBUG_INFORMATION_FORMAT = dwarf;
				ENABLE_STRICT_OBJC_MSGSEND = YES;
				ENABLE_TESTABILITY = YES;
				GCC_C_LANGUAGE_STANDARD = gnu99;
				GCC_DYNAMIC_NO_PIC = NO;
				GCC_NO_COMMON_BLOCKS = YES;
				GCC_OPTIMIZATION_LEVEL = 0;
				GCC_PREPROCESSOR_DEFINITIONS = (
					"DEBUG=1",
					"$(inherited)",
				);
				GCC_WARN_64_TO_32_BIT_CONVERSION = YES;
				GCC_WARN_ABOUT_RETURN_TYPE = YES_ERROR;
				GCC_WARN_UNDECLARED_SELECTOR = YES;
				GCC_WARN_UNINITIALIZED_AUTOS = YES_AGGRESSIVE;
				GCC_WARN_UNUSED_FUNCTION = YES;
				GCC_WARN_UNUSED_VARIABLE = YES;
				IPHONEOS_DEPLOYMENT_TARGET = 9.0;
				MTL_ENABLE_DEBUG_INFO = YES;
				ONLY_ACTIVE_ARCH = YES;
				SDKROOT = iphoneos;
				TARGETED_DEVICE_FAMILY = "1,2";
			};
			name = Debug;
		};
		F9BB7D7F1BC816F800DF93D5 /* Release */ = {
			isa = XCBuildConfiguration;
			buildSettings = {
				ALWAYS_SEARCH_USER_PATHS = NO;
				CLANG_CXX_LANGUAGE_STANDARD = "gnu++0x";
				CLANG_CXX_LIBRARY = "libc++";
				CLANG_ENABLE_MODULES = YES;
				CLANG_ENABLE_OBJC_ARC = YES;
				CLANG_WARN_BOOL_CONVERSION = YES;
				CLANG_WARN_CONSTANT_CONVERSION = YES;
				CLANG_WARN_DIRECT_OBJC_ISA_USAGE = YES_ERROR;
				CLANG_WARN_EMPTY_BODY = YES;
				CLANG_WARN_ENUM_CONVERSION = YES;
				CLANG_WARN_INT_CONVERSION = YES;
				CLANG_WARN_OBJC_ROOT_CLASS = YES_ERROR;
				CLANG_WARN_UNREACHABLE_CODE = YES;
				CLANG_WARN__DUPLICATE_METHOD_MATCH = YES;
				"CODE_SIGN_IDENTITY[sdk=iphoneos*]" = "iPhone Developer";
				COPY_PHASE_STRIP = NO;
				DEBUG_INFORMATION_FORMAT = "dwarf-with-dsym";
				ENABLE_NS_ASSERTIONS = NO;
				ENABLE_STRICT_OBJC_MSGSEND = YES;
				GCC_C_LANGUAGE_STANDARD = gnu99;
				GCC_NO_COMMON_BLOCKS = YES;
				GCC_WARN_64_TO_32_BIT_CONVERSION = YES;
				GCC_WARN_ABOUT_RETURN_TYPE = YES_ERROR;
				GCC_WARN_UNDECLARED_SELECTOR = YES;
				GCC_WARN_UNINITIALIZED_AUTOS = YES_AGGRESSIVE;
				GCC_WARN_UNUSED_FUNCTION = YES;
				GCC_WARN_UNUSED_VARIABLE = YES;
				IPHONEOS_DEPLOYMENT_TARGET = 9.0;
				MTL_ENABLE_DEBUG_INFO = NO;
				SDKROOT = iphoneos;
				TARGETED_DEVICE_FAMILY = "1,2";
				VALIDATE_PRODUCT = YES;
			};
			name = Release;
		};
		F9BB7D811BC816F800DF93D5 /* Debug */ = {
			isa = XCBuildConfiguration;
			baseConfigurationReference = 1C030F4ECFFCFE3D0918AA75 /* Pods.debug.xcconfig */;
			buildSettings = {
				ASSETCATALOG_COMPILER_APPICON_NAME = AppIcon;
				FRAMEWORK_SEARCH_PATHS = (
					"$(inherited)",
					"$(PROJECT_DIR)/ios/Externals/BaiduMap/Release-iphonesimulator",
					"$(PROJECT_DIR)/ios/Externals/BaiduMap/Release-iphoneos",
				);
				GCC_PRECOMPILE_PREFIX_HEADER = YES;
				GCC_PREFIX_HEADER = ios/Classes/Global/PrefixHeader.pch;
				INFOPLIST_FILE = "$(SRCROOT)/ios/Configs/Info.plist";
				LD_RUNPATH_SEARCH_PATHS = "$(inherited) @executable_path/Frameworks";
				PRODUCT_BUNDLE_IDENTIFIER = com.penneryu.ios;
				PRODUCT_NAME = "$(TARGET_NAME)";
			};
			name = Debug;
		};
		F9BB7D821BC816F800DF93D5 /* Release */ = {
			isa = XCBuildConfiguration;
			baseConfigurationReference = 4E945E690AE4B611C71C211A /* Pods.release.xcconfig */;
			buildSettings = {
				ASSETCATALOG_COMPILER_APPICON_NAME = AppIcon;
				FRAMEWORK_SEARCH_PATHS = (
					"$(inherited)",
					"$(PROJECT_DIR)/ios/Externals/BaiduMap/Release-iphonesimulator",
					"$(PROJECT_DIR)/ios/Externals/BaiduMap/Release-iphoneos",
				);
				GCC_PRECOMPILE_PREFIX_HEADER = YES;
				GCC_PREFIX_HEADER = ios/Classes/Global/PrefixHeader.pch;
				INFOPLIST_FILE = "$(SRCROOT)/ios/Configs/Info.plist";
				LD_RUNPATH_SEARCH_PATHS = "$(inherited) @executable_path/Frameworks";
				PRODUCT_BUNDLE_IDENTIFIER = com.penneryu.ios;
				PRODUCT_NAME = "$(TARGET_NAME)";
			};
			name = Release;
		};
		F9BB7D841BC816F800DF93D5 /* Debug */ = {
			isa = XCBuildConfiguration;
			buildSettings = {
				BUNDLE_LOADER = "$(TEST_HOST)";
				INFOPLIST_FILE = iosTests/Info.plist;
				LD_RUNPATH_SEARCH_PATHS = "$(inherited) @executable_path/Frameworks @loader_path/Frameworks";
				PRODUCT_BUNDLE_IDENTIFIER = com.penneryu.iosTests;
				PRODUCT_NAME = "$(TARGET_NAME)";
				TEST_HOST = "$(BUILT_PRODUCTS_DIR)/ios.app/ios";
			};
			name = Debug;
		};
		F9BB7D851BC816F800DF93D5 /* Release */ = {
			isa = XCBuildConfiguration;
			buildSettings = {
				BUNDLE_LOADER = "$(TEST_HOST)";
				INFOPLIST_FILE = iosTests/Info.plist;
				LD_RUNPATH_SEARCH_PATHS = "$(inherited) @executable_path/Frameworks @loader_path/Frameworks";
				PRODUCT_BUNDLE_IDENTIFIER = com.penneryu.iosTests;
				PRODUCT_NAME = "$(TARGET_NAME)";
				TEST_HOST = "$(BUILT_PRODUCTS_DIR)/ios.app/ios";
			};
			name = Release;
		};
		F9BB7D871BC816F800DF93D5 /* Debug */ = {
			isa = XCBuildConfiguration;
			buildSettings = {
				INFOPLIST_FILE = iosUITests/Info.plist;
				LD_RUNPATH_SEARCH_PATHS = "$(inherited) @executable_path/Frameworks @loader_path/Frameworks";
				PRODUCT_BUNDLE_IDENTIFIER = com.penneryu.iosUITests;
				PRODUCT_NAME = "$(TARGET_NAME)";
				TEST_TARGET_NAME = ios;
				USES_XCTRUNNER = YES;
			};
			name = Debug;
		};
		F9BB7D881BC816F800DF93D5 /* Release */ = {
			isa = XCBuildConfiguration;
			buildSettings = {
				INFOPLIST_FILE = iosUITests/Info.plist;
				LD_RUNPATH_SEARCH_PATHS = "$(inherited) @executable_path/Frameworks @loader_path/Frameworks";
				PRODUCT_BUNDLE_IDENTIFIER = com.penneryu.iosUITests;
				PRODUCT_NAME = "$(TARGET_NAME)";
				TEST_TARGET_NAME = ios;
				USES_XCTRUNNER = YES;
			};
			name = Release;
		};
/* End XCBuildConfiguration section */

/* Begin XCConfigurationList section */
		F9BB7D4B1BC816F800DF93D5 /* Build configuration list for PBXProject "ios" */ = {
			isa = XCConfigurationList;
			buildConfigurations = (
				F9BB7D7E1BC816F800DF93D5 /* Debug */,
				F9BB7D7F1BC816F800DF93D5 /* Release */,
			);
			defaultConfigurationIsVisible = 0;
			defaultConfigurationName = Release;
		};
		F9BB7D801BC816F800DF93D5 /* Build configuration list for PBXNativeTarget "ios" */ = {
			isa = XCConfigurationList;
			buildConfigurations = (
				F9BB7D811BC816F800DF93D5 /* Debug */,
				F9BB7D821BC816F800DF93D5 /* Release */,
			);
			defaultConfigurationIsVisible = 0;
			defaultConfigurationName = Release;
		};
		F9BB7D831BC816F800DF93D5 /* Build configuration list for PBXNativeTarget "iosTests" */ = {
			isa = XCConfigurationList;
			buildConfigurations = (
				F9BB7D841BC816F800DF93D5 /* Debug */,
				F9BB7D851BC816F800DF93D5 /* Release */,
			);
			defaultConfigurationIsVisible = 0;
			defaultConfigurationName = Release;
		};
		F9BB7D861BC816F800DF93D5 /* Build configuration list for PBXNativeTarget "iosUITests" */ = {
			isa = XCConfigurationList;
			buildConfigurations = (
				F9BB7D871BC816F800DF93D5 /* Debug */,
				F9BB7D881BC816F800DF93D5 /* Release */,
			);
			defaultConfigurationIsVisible = 0;
			defaultConfigurationName = Release;
		};
/* End XCConfigurationList section */

/* Begin XCVersionGroup section */
		F9BB7D9A1BC8193700DF93D5 /* ios.xcdatamodeld */ = {
			isa = XCVersionGroup;
			children = (
				F9BB7D9B1BC8193700DF93D5 /* ios.xcdatamodel */,
			);
			currentVersion = F9BB7D9B1BC8193700DF93D5 /* ios.xcdatamodel */;
			path = ios.xcdatamodeld;
			sourceTree = "<group>";
			versionGroupType = wrapper.xcdatamodel;
		};
/* End XCVersionGroup section */
	};
	rootObject = F9BB7D481BC816F800DF93D5 /* Project object */;
}
